{
  "name": "@s7n/canvas2d",
  "version": "0.0.1",
  "lockfileVersion": 1,
  "requires": true,
  "dependencies": {
    "@s7n/math": {
      "version": "0.0.4",
      "resolved": "https://registry.nlark.com/@s7n/math/download/@s7n/math-0.0.4.tgz",
      "integrity": "sha1-928UCBPkWrXYChDHQ7ABHf8LXqk="
    }
  }
}
